
Microsoft Visual Studio Solution File, Format Version 12.00
# Visual Studio Version 16
VisualStudioVersion = 16.0.29102.190
MinimumVisualStudioVersion = 10.0.40219.1
Project("{FAE04EC0-301F-11D3-BF4B-00C04F79EFBC}") = "CarFleetMS", "CarFleetMS\CarFleetMS.csproj", "{8C924702-FD1F-4B4D-A1AF-DA4C7E283C9A}"
EndProject
Global
	GlobalSection(SolutionConfigurationPlatforms) = preSolution
		Debug|Any CPU = Debug|Any CPU
		Release|Any CPU = Release|Any CPU
	EndGlobalSection
	GlobalSection(ProjectConfigurationPlatforms) = postSolution
		{8C924702-FD1F-4B4D-A1AF-DA4C7E283C9A}.Debug|Any CPU.ActiveCfg = Debug|Any CPU
		{8C924702-FD1F-4B4D-A1AF-DA4C7E283C9A}.Debug|Any CPU.Build.0 = Debug|Any CPU
		{8C924702-FD1F-4B4D-A1AF-DA4C7E283C9A}.Release|Any CPU.ActiveCfg = Release|Any CPU
		{8C924702-FD1F-4B4D-A1AF-DA4C7E283C9A}.Release|Any CPU.Build.0 = Release|Any CPU
	EndGlobalSection
	GlobalSection(SolutionProperties) = preSolution
		HideSolutionNode = FALSE
	EndGlobalSection
	GlobalSection(ExtensibilityGlobals) = postSolution
		SolutionGuid = {6A63859E-DB46-45EE-9A4E-B2383C59F965}
	EndGlobalSection
EndGlobal
